
Microsoft Visual Studio Solution File, Format Version 12.00
Project("{FAE04EC0-301F-11D3-BF4B-00C04F79EFBC}") = "Cursach", "Cursach\Cursach.csproj", "{69C3E2F4-2168-4D7D-AEDD-9D17E8181714}"
EndProject
Project("{FAE04EC0-301F-11D3-BF4B-00C04F79EFBC}") = "SortMethods", "SortMethods\SortMethods.csproj", "{A260AE2C-9BDB-407B-8C52-8EA244D4A9AB}"
EndProject
Global
	GlobalSection(SolutionConfigurationPlatforms) = preSolution
		Debug|Any CPU = Debug|Any CPU
		Release|Any CPU = Release|Any CPU
	EndGlobalSection
	GlobalSection(ProjectConfigurationPlatforms) = postSolution
		{69C3E2F4-2168-4D7D-AEDD-9D17E8181714}.Debug|Any CPU.ActiveCfg = Debug|Any CPU
		{69C3E2F4-2168-4D7D-AEDD-9D17E8181714}.Debug|Any CPU.Build.0 = Debug|Any CPU
		{69C3E2F4-2168-4D7D-AEDD-9D17E8181714}.Release|Any CPU.ActiveCfg = Release|Any CPU
		{69C3E2F4-2168-4D7D-AEDD-9D17E8181714}.Release|Any CPU.Build.0 = Release|Any CPU
		{A260AE2C-9BDB-407B-8C52-8EA244D4A9AB}.Debug|Any CPU.ActiveCfg = Debug|Any CPU
		{A260AE2C-9BDB-407B-8C52-8EA244D4A9AB}.Debug|Any CPU.Build.0 = Debug|Any CPU
		{A260AE2C-9BDB-407B-8C52-8EA244D4A9AB}.Release|Any CPU.ActiveCfg = Release|Any CPU
		{A260AE2C-9BDB-407B-8C52-8EA244D4A9AB}.Release|Any CPU.Build.0 = Release|Any CPU
	EndGlobalSection
EndGlobal
